// !$*UTF8*$!
{
	archiveVersion = 1;
	classes = {
	};
	objectVersion = 55;
	objects = {

/* Begin PBXBuildFile section */
		D362A7EF2895206D00816AC9 /* SavitApp.swift in Sources */ = {isa = PBXBuildFile; fileRef = D362A7EE2895206D00816AC9 /* SavitApp.swift */; };
		D362A7F12895206D00816AC9 /* ContentView.swift in Sources */ = {isa = PBXBuildFile; fileRef = D362A7F02895206D00816AC9 /* ContentView.swift */; };
		D362A7F32895206E00816AC9 /* Assets.xcassets in Resources */ = {isa = PBXBuildFile; fileRef = D362A7F22895206E00816AC9 /* Assets.xcassets */; };
		D362A7F62895206E00816AC9 /* Preview Assets.xcassets in Resources */ = {isa = PBXBuildFile; fileRef = D362A7F52895206E00816AC9 /* Preview Assets.xcassets */; };
		D362A8002895206E00816AC9 /* SavitTests.swift in Sources */ = {isa = PBXBuildFile; fileRef = D362A7FF2895206E00816AC9 /* SavitTests.swift */; };
		D362A80A2895206F00816AC9 /* SavitUITests.swift in Sources */ = {isa = PBXBuildFile; fileRef = D362A8092895206F00816AC9 /* SavitUITests.swift */; };
		D362A80C2895206F00816AC9 /* SavitUITestsLaunchTests.swift in Sources */ = {isa = PBXBuildFile; fileRef = D362A80B2895206F00816AC9 /* SavitUITestsLaunchTests.swift */; };
		D362A81E2895224700816AC9 /* CollectionScreen.swift in Sources */ = {isa = PBXBuildFile; fileRef = D362A81D2895224700816AC9 /* CollectionScreen.swift */; };
		D362A8202895225100816AC9 /* TimelineScreen.swift in Sources */ = {isa = PBXBuildFile; fileRef = D362A81F2895225100816AC9 /* TimelineScreen.swift */; };
		D362A8222895225E00816AC9 /* DetailScreen.swift in Sources */ = {isa = PBXBuildFile; fileRef = D362A8212895225E00816AC9 /* DetailScreen.swift */; };
		D362A8242895227200816AC9 /* CollectionCard.swift in Sources */ = {isa = PBXBuildFile; fileRef = D362A8232895227200816AC9 /* CollectionCard.swift */; };
		D362A826289522A200816AC9 /* TimelinePill.swift in Sources */ = {isa = PBXBuildFile; fileRef = D362A825289522A200816AC9 /* TimelinePill.swift */; };
		D362A829289522B400816AC9 /* ScreenTitle.swift in Sources */ = {isa = PBXBuildFile; fileRef = D362A828289522B400816AC9 /* ScreenTitle.swift */; };
		D362A82C2895233900816AC9 /* WelcomeScreen.swift in Sources */ = {isa = PBXBuildFile; fileRef = D362A82B2895233900816AC9 /* WelcomeScreen.swift */; };
		D362A8302895250700816AC9 /* ColorConstants.swift in Sources */ = {isa = PBXBuildFile; fileRef = D362A82F2895250700816AC9 /* ColorConstants.swift */; };
		D362A83228953FC600816AC9 /* CollectionList.swift in Sources */ = {isa = PBXBuildFile; fileRef = D362A83128953FC600816AC9 /* CollectionList.swift */; };
		D3D33F8E289691A5005CB217 /* MapView.swift in Sources */ = {isa = PBXBuildFile; fileRef = D3D33F8D289691A5005CB217 /* MapView.swift */; };
		D3F667C8289679F1006BCEB0 /* TimelineList.swift in Sources */ = {isa = PBXBuildFile; fileRef = D3F667C7289679F1006BCEB0 /* TimelineList.swift */; };
		D3F667CA28968662006BCEB0 /* RoundedRectangleAt.swift in Sources */ = {isa = PBXBuildFile; fileRef = D3F667C928968662006BCEB0 /* RoundedRectangleAt.swift */; };
/* End PBXBuildFile section */

/* Begin PBXContainerItemProxy section */
		D362A7FC2895206E00816AC9 /* PBXContainerItemProxy */ = {
			isa = PBXContainerItemProxy;
			containerPortal = D362A7E32895206D00816AC9 /* Project object */;
			proxyType = 1;
			remoteGlobalIDString = D362A7EA2895206D00816AC9;
			remoteInfo = Savit;
		};
		D362A8062895206F00816AC9 /* PBXContainerItemProxy */ = {
			isa = PBXContainerItemProxy;
			containerPortal = D362A7E32895206D00816AC9 /* Project object */;
			proxyType = 1;
			remoteGlobalIDString = D362A7EA2895206D00816AC9;
			remoteInfo = Savit;
		};
/* End PBXContainerItemProxy section */

/* Begin PBXFileReference section */
		D362A7EB2895206D00816AC9 /* Savit.app */ = {isa = PBXFileReference; explicitFileType = wrapper.application; includeInIndex = 0; path = Savit.app; sourceTree = BUILT_PRODUCTS_DIR; };
		D362A7EE2895206D00816AC9 /* SavitApp.swift */ = {isa = PBXFileReference; lastKnownFileType = sourcecode.swift; path = SavitApp.swift; sourceTree = "<group>"; };
		D362A7F02895206D00816AC9 /* ContentView.swift */ = {isa = PBXFileReference; lastKnownFileType = sourcecode.swift; path = ContentView.swift; sourceTree = "<group>"; };
		D362A7F22895206E00816AC9 /* Assets.xcassets */ = {isa = PBXFileReference; lastKnownFileType = folder.assetcatalog; path = Assets.xcassets; sourceTree = "<group>"; };
		D362A7F52895206E00816AC9 /* Preview Assets.xcassets */ = {isa = PBXFileReference; lastKnownFileType = folder.assetcatalog; path = "Preview Assets.xcassets"; sourceTree = "<group>"; };
		D362A7FB2895206E00816AC9 /* SavitTests.xctest */ = {isa = PBXFileReference; explicitFileType = wrapper.cfbundle; includeInIndex = 0; path = SavitTests.xctest; sourceTree = BUILT_PRODUCTS_DIR; };
		D362A7FF2895206E00816AC9 /* SavitTests.swift */ = {isa = PBXFileReference; lastKnownFileType = sourcecode.swift; path = SavitTests.swift; sourceTree = "<group>"; };
		D362A8052895206F00816AC9 /* SavitUITests.xctest */ = {isa = PBXFileReference; explicitFileType = wrapper.cfbundle; includeInIndex = 0; path = SavitUITests.xctest; sourceTree = BUILT_PRODUCTS_DIR; };
		D362A8092895206F00816AC9 /* SavitUITests.swift */ = {isa = PBXFileReference; lastKnownFileType = sourcecode.swift; path = SavitUITests.swift; sourceTree = "<group>"; };
		D362A80B2895206F00816AC9 /* SavitUITestsLaunchTests.swift */ = {isa = PBXFileReference; lastKnownFileType = sourcecode.swift; path = SavitUITestsLaunchTests.swift; sourceTree = "<group>"; };
		D362A81D2895224700816AC9 /* CollectionScreen.swift */ = {isa = PBXFileReference; lastKnownFileType = sourcecode.swift; path = CollectionScreen.swift; sourceTree = "<group>"; };
		D362A81F2895225100816AC9 /* TimelineScreen.swift */ = {isa = PBXFileReference; lastKnownFileType = sourcecode.swift; path = TimelineScreen.swift; sourceTree = "<group>"; };
		D362A8212895225E00816AC9 /* DetailScreen.swift */ = {isa = PBXFileReference; lastKnownFileType = sourcecode.swift; path = DetailScreen.swift; sourceTree = "<group>"; };
		D362A8232895227200816AC9 /* CollectionCard.swift */ = {isa = PBXFileReference; lastKnownFileType = sourcecode.swift; path = CollectionCard.swift; sourceTree = "<group>"; };
		D362A825289522A200816AC9 /* TimelinePill.swift */ = {isa = PBXFileReference; lastKnownFileType = sourcecode.swift; path = TimelinePill.swift; sourceTree = "<group>"; };
		D362A828289522B400816AC9 /* ScreenTitle.swift */ = {isa = PBXFileReference; lastKnownFileType = sourcecode.swift; path = ScreenTitle.swift; sourceTree = "<group>"; };
		D362A82B2895233900816AC9 /* WelcomeScreen.swift */ = {isa = PBXFileReference; lastKnownFileType = sourcecode.swift; path = WelcomeScreen.swift; sourceTree = "<group>"; };
		D362A82F2895250700816AC9 /* ColorConstants.swift */ = {isa = PBXFileReference; lastKnownFileType = sourcecode.swift; path = ColorConstants.swift; sourceTree = "<group>"; };
		D362A83128953FC600816AC9 /* CollectionList.swift */ = {isa = PBXFileReference; lastKnownFileType = sourcecode.swift; path = CollectionList.swift; sourceTree = "<group>"; };
		D3D33F8D289691A5005CB217 /* MapView.swift */ = {isa = PBXFileReference; lastKnownFileType = sourcecode.swift; path = MapView.swift; sourceTree = "<group>"; };
		D3F667C7289679F1006BCEB0 /* TimelineList.swift */ = {isa = PBXFileReference; lastKnownFileType = sourcecode.swift; path = TimelineList.swift; sourceTree = "<group>"; };
		D3F667C928968662006BCEB0 /* RoundedRectangleAt.swift */ = {isa = PBXFileReference; lastKnownFileType = sourcecode.swift; path = RoundedRectangleAt.swift; sourceTree = "<group>"; };
/* End PBXFileReference section */

/* Begin PBXFrameworksBuildPhase section */
		D362A7E82895206D00816AC9 /* Frameworks */ = {
			isa = PBXFrameworksBuildPhase;
			buildActionMask = 2147483647;
			files = (
			);
			runOnlyForDeploymentPostprocessing = 0;
		};
		D362A7F82895206E00816AC9 /* Frameworks */ = {
			isa = PBXFrameworksBuildPhase;
			buildActionMask = 2147483647;
			files = (
			);
			runOnlyForDeploymentPostprocessing = 0;
		};
		D362A8022895206F00816AC9 /* Frameworks */ = {
			isa = PBXFrameworksBuildPhase;
			buildActionMask = 2147483647;
			files = (
			);
			runOnlyForDeploymentPostprocessing = 0;
		};
/* End PBXFrameworksBuildPhase section */

/* Begin PBXGroup section */
		D362A7E22895206D00816AC9 = {
			isa = PBXGroup;
			children = (
				D362A7ED2895206D00816AC9 /* Savit */,
				D362A7FE2895206E00816AC9 /* SavitTests */,
				D362A8082895206F00816AC9 /* SavitUITests */,
				D362A7EC2895206D00816AC9 /* Products */,
			);
			sourceTree = "<group>";
		};
		D362A7EC2895206D00816AC9 /* Products */ = {
			isa = PBXGroup;
			children = (
				D362A7EB2895206D00816AC9 /* Savit.app */,
				D362A7FB2895206E00816AC9 /* SavitTests.xctest */,
				D362A8052895206F00816AC9 /* SavitUITests.xctest */,
			);
			name = Products;
			sourceTree = "<group>";
		};
		D362A7ED2895206D00816AC9 /* Savit */ = {
			isa = PBXGroup;
			children = (
				D362A82E289524DF00816AC9 /* models */,
				D362A827289522A600816AC9 /* shared */,
				D362A81B2895222100816AC9 /* screens */,
				D362A8182895220500816AC9 /* features */,
				D362A7EE2895206D00816AC9 /* SavitApp.swift */,
				D362A7F02895206D00816AC9 /* ContentView.swift */,
				D362A7F22895206E00816AC9 /* Assets.xcassets */,
				D362A7F42895206E00816AC9 /* Preview Content */,
			);
			path = Savit;
			sourceTree = "<group>";
		};
		D362A7F42895206E00816AC9 /* Preview Content */ = {
			isa = PBXGroup;
			children = (
				D362A7F52895206E00816AC9 /* Preview Assets.xcassets */,
			);
			path = "Preview Content";
			sourceTree = "<group>";
		};
		D362A7FE2895206E00816AC9 /* SavitTests */ = {
			isa = PBXGroup;
			children = (
				D362A7FF2895206E00816AC9 /* SavitTests.swift */,
			);
			path = SavitTests;
			sourceTree = "<group>";
		};
		D362A8082895206F00816AC9 /* SavitUITests */ = {
			isa = PBXGroup;
			children = (
				D362A8092895206F00816AC9 /* SavitUITests.swift */,
				D362A80B2895206F00816AC9 /* SavitUITestsLaunchTests.swift */,
			);
			path = SavitUITests;
			sourceTree = "<group>";
		};
		D362A8182895220500816AC9 /* features */ = {
			isa = PBXGroup;
			children = (
				D362A81A2895221500816AC9 /* timeline */,
				D362A8192895220B00816AC9 /* collection */,
			);
			path = features;
			sourceTree = "<group>";
		};
		D362A8192895220B00816AC9 /* collection */ = {
			isa = PBXGroup;
			children = (
				D362A8232895227200816AC9 /* CollectionCard.swift */,
				D362A83128953FC600816AC9 /* CollectionList.swift */,
			);
			path = collection;
			sourceTree = "<group>";
		};
		D362A81A2895221500816AC9 /* timeline */ = {
			isa = PBXGroup;
			children = (
				D362A825289522A200816AC9 /* TimelinePill.swift */,
				D3F667C7289679F1006BCEB0 /* TimelineList.swift */,
			);
			path = timeline;
			sourceTree = "<group>";
		};
		D362A81B2895222100816AC9 /* screens */ = {
			isa = PBXGroup;
			children = (
				D362A81D2895224700816AC9 /* CollectionScreen.swift */,
				D362A81F2895225100816AC9 /* TimelineScreen.swift */,
				D362A82B2895233900816AC9 /* WelcomeScreen.swift */,
				D362A8212895225E00816AC9 /* DetailScreen.swift */,
			);
			path = screens;
			sourceTree = "<group>";
		};
		D362A827289522A600816AC9 /* shared */ = {
			isa = PBXGroup;
			children = (
				D362A828289522B400816AC9 /* ScreenTitle.swift */,
				D3F667C928968662006BCEB0 /* RoundedRectangleAt.swift */,
				D3D33F8D289691A5005CB217 /* MapView.swift */,
			);
			path = shared;
			sourceTree = "<group>";
		};
		D362A82E289524DF00816AC9 /* models */ = {
			isa = PBXGroup;
			children = (
				D362A82F2895250700816AC9 /* ColorConstants.swift */,
			);
			path = models;
			sourceTree = "<group>";
		};
/* End PBXGroup section */

/* Begin PBXNativeTarget section */
		D362A7EA2895206D00816AC9 /* Savit */ = {
			isa = PBXNativeTarget;
			buildConfigurationList = D362A80F2895206F00816AC9 /* Build configuration list for PBXNativeTarget "Savit" */;
			buildPhases = (
				D362A7E72895206D00816AC9 /* Sources */,
				D362A7E82895206D00816AC9 /* Frameworks */,
				D362A7E92895206D00816AC9 /* Resources */,
			);
			buildRules = (
			);
			dependencies = (
			);
			name = Savit;
			productName = Savit;
			productReference = D362A7EB2895206D00816AC9 /* Savit.app */;
			productType = "com.apple.product-type.application";
		};
		D362A7FA2895206E00816AC9 /* SavitTests */ = {
			isa = PBXNativeTarget;
			buildConfigurationList = D362A8122895206F00816AC9 /* Build configuration list for PBXNativeTarget "SavitTests" */;
			buildPhases = (
				D362A7F72895206E00816AC9 /* Sources */,
				D362A7F82895206E00816AC9 /* Frameworks */,
				D362A7F92895206E00816AC9 /* Resources */,
			);
			buildRules = (
			);
			dependencies = (
				D362A7FD2895206E00816AC9 /* PBXTargetDependency */,
			);
			name = SavitTests;
			productName = SavitTests;
			productReference = D362A7FB2895206E00816AC9 /* SavitTests.xctest */;
			productType = "com.apple.product-type.bundle.unit-test";
		};
		D362A8042895206F00816AC9 /* SavitUITests */ = {
			isa = PBXNativeTarget;
			buildConfigurationList = D362A8152895206F00816AC9 /* Build configuration list for PBXNativeTarget "SavitUITests" */;
			buildPhases = (
				D362A8012895206F00816AC9 /* Sources */,
				D362A8022895206F00816AC9 /* Frameworks */,
				D362A8032895206F00816AC9 /* Resources */,
			);
			buildRules = (
			);
			dependencies = (
				D362A8072895206F00816AC9 /* PBXTargetDependency */,
			);
			name = SavitUITests;
			productName = SavitUITests;
			productReference = D362A8052895206F00816AC9 /* SavitUITests.xctest */;
			productType = "com.apple.product-type.bundle.ui-testing";
		};
/* End PBXNativeTarget section */

/* Begin PBXProject section */
		D362A7E32895206D00816AC9 /* Project object */ = {
			isa = PBXProject;
			attributes = {
				BuildIndependentTargetsInParallel = 1;
				LastSwiftUpdateCheck = 1310;
				LastUpgradeCheck = 1310;
				TargetAttributes = {
					D362A7EA2895206D00816AC9 = {
						CreatedOnToolsVersion = 13.1;
					};
					D362A7FA2895206E00816AC9 = {
						CreatedOnToolsVersion = 13.1;
						TestTargetID = D362A7EA2895206D00816AC9;
					};
					D362A8042895206F00816AC9 = {
						CreatedOnToolsVersion = 13.1;
						TestTargetID = D362A7EA2895206D00816AC9;
					};
				};
			};
			buildConfigurationList = D362A7E62895206D00816AC9 /* Build configuration list for PBXProject "Savit" */;
			compatibilityVersion = "Xcode 13.0";
			developmentRegion = en;
			hasScannedForEncodings = 0;
			knownRegions = (
				en,
				Base,
			);
			mainGroup = D362A7E22895206D00816AC9;
			productRefGroup = D362A7EC2895206D00816AC9 /* Products */;
			projectDirPath = "";
			projectRoot = "";
			targets = (
				D362A7EA2895206D00816AC9 /* Savit */,
				D362A7FA2895206E00816AC9 /* SavitTests */,
				D362A8042895206F00816AC9 /* SavitUITests */,
			);
		};
/* End PBXProject section */

/* Begin PBXResourcesBuildPhase section */
		D362A7E92895206D00816AC9 /* Resources */ = {
			isa = PBXResourcesBuildPhase;
			buildActionMask = 2147483647;
			files = (
				D362A7F62895206E00816AC9 /* Preview Assets.xcassets in Resources */,
				D362A7F32895206E00816AC9 /* Assets.xcassets in Resources */,
			);
			runOnlyForDeploymentPostprocessing = 0;
		};
		D362A7F92895206E00816AC9 /* Resources */ = {
			isa = PBXResourcesBuildPhase;
			buildActionMask = 2147483647;
			files = (
			);
			runOnlyForDeploymentPostprocessing = 0;
		};
		D362A8032895206F00816AC9 /* Resources */ = {
			isa = PBXResourcesBuildPhase;
			buildActionMask = 2147483647;
			files = (
			);
			runOnlyForDeploymentPostprocessing = 0;
		};
/* End PBXResourcesBuildPhase section */

/* Begin PBXSourcesBuildPhase section */
		D362A7E72895206D00816AC9 /* Sources */ = {
			isa = PBXSourcesBuildPhase;
			buildActionMask = 2147483647;
			files = (
				D3F667C8289679F1006BCEB0 /* TimelineList.swift in Sources */,
				D362A829289522B400816AC9 /* ScreenTitle.swift in Sources */,
				D362A826289522A200816AC9 /* TimelinePill.swift in Sources */,
				D362A8222895225E00816AC9 /* DetailScreen.swift in Sources */,
				D362A8302895250700816AC9 /* ColorConstants.swift in Sources */,
				D3F667CA28968662006BCEB0 /* RoundedRectangleAt.swift in Sources */,
				D362A83228953FC600816AC9 /* CollectionList.swift in Sources */,
				D3D33F8E289691A5005CB217 /* MapView.swift in Sources */,
				D362A82C2895233900816AC9 /* WelcomeScreen.swift in Sources */,
				D362A8242895227200816AC9 /* CollectionCard.swift in Sources */,
				D362A7F12895206D00816AC9 /* ContentView.swift in Sources */,
				D362A81E2895224700816AC9 /* CollectionScreen.swift in Sources */,
				D362A8202895225100816AC9 /* TimelineScreen.swift in Sources */,
				D362A7EF2895206D00816AC9 /* SavitApp.swift in Sources */,
			);
			runOnlyForDeploymentPostprocessing = 0;
		};
		D362A7F72895206E00816AC9 /* Sources */ = {
			isa = PBXSourcesBuildPhase;
			buildActionMask = 2147483647;
			files = (
				D362A8002895206E00816AC9 /* SavitTests.swift in Sources */,
			);
			runOnlyForDeploymentPostprocessing = 0;
		};
		D362A8012895206F00816AC9 /* Sources */ = {
			isa = PBXSourcesBuildPhase;
			buildActionMask = 2147483647;
			files = (
				D362A80C2895206F00816AC9 /* SavitUITestsLaunchTests.swift in Sources */,
				D362A80A2895206F00816AC9 /* SavitUITests.swift in Sources */,
			);
			runOnlyForDeploymentPostprocessing = 0;
		};
/* End PBXSourcesBuildPhase section */

/* Begin PBXTargetDependency section */
		D362A7FD2895206E00816AC9 /* PBXTargetDependency */ = {
			isa = PBXTargetDependency;
			target = D362A7EA2895206D00816AC9 /* Savit */;
			targetProxy = D362A7FC2895206E00816AC9 /* PBXContainerItemProxy */;
		};
		D362A8072895206F00816AC9 /* PBXTargetDependency */ = {
			isa = PBXTargetDependency;
			target = D362A7EA2895206D00816AC9 /* Savit */;
			targetProxy = D362A8062895206F00816AC9 /* PBXContainerItemProxy */;
		};
/* End PBXTargetDependency section */

/* Begin XCBuildConfiguration section */
		D362A80D2895206F00816AC9 /* Debug */ = {
			isa = XCBuildConfiguration;
			buildSettings = {
				ALWAYS_SEARCH_USER_PATHS = NO;
				CLANG_ANALYZER_NONNULL = YES;
				CLANG_ANALYZER_NUMBER_OBJECT_CONVERSION = YES_AGGRESSIVE;
				CLANG_CXX_LANGUAGE_STANDARD = "gnu++17";
				CLANG_CXX_LIBRARY = "libc++";
				CLANG_ENABLE_MODULES = YES;
				CLANG_ENABLE_OBJC_ARC = YES;
				CLANG_ENABLE_OBJC_WEAK = YES;
				CLANG_WARN_BLOCK_CAPTURE_AUTORELEASING = YES;
				CLANG_WARN_BOOL_CONVERSION = YES;
				CLANG_WARN_COMMA = YES;
				CLANG_WARN_CONSTANT_CONVERSION = YES;
				CLANG_WARN_DEPRECATED_OBJC_IMPLEMENTATIONS = YES;
				CLANG_WARN_DIRECT_OBJC_ISA_USAGE = YES_ERROR;
				CLANG_WARN_DOCUMENTATION_COMMENTS = YES;
				CLANG_WARN_EMPTY_BODY = YES;
				CLANG_WARN_ENUM_CONVERSION = YES;
				CLANG_WARN_INFINITE_RECURSION = YES;
				CLANG_WARN_INT_CONVERSION = YES;
				CLANG_WARN_NON_LITERAL_NULL_CONVERSION = YES;
				CLANG_WARN_OBJC_IMPLICIT_RETAIN_SELF = YES;
				CLANG_WARN_OBJC_LITERAL_CONVERSION = YES;
				CLANG_WARN_OBJC_ROOT_CLASS = YES_ERROR;
				CLANG_WARN_QUOTED_INCLUDE_IN_FRAMEWORK_HEADER = YES;
				CLANG_WARN_RANGE_LOOP_ANALYSIS = YES;
				CLANG_WARN_STRICT_PROTOTYPES = YES;
				CLANG_WARN_SUSPICIOUS_MOVE = YES;
				CLANG_WARN_UNGUARDED_AVAILABILITY = YES_AGGRESSIVE;
				CLANG_WARN_UNREACHABLE_CODE = YES;
				CLANG_WARN__DUPLICATE_METHOD_MATCH = YES;
				COPY_PHASE_STRIP = NO;
				DEBUG_INFORMATION_FORMAT = dwarf;
				ENABLE_STRICT_OBJC_MSGSEND = YES;
				ENABLE_TESTABILITY = YES;
				GCC_C_LANGUAGE_STANDARD = gnu11;
				GCC_DYNAMIC_NO_PIC = NO;
				GCC_NO_COMMON_BLOCKS = YES;
				GCC_OPTIMIZATION_LEVEL = 0;
				GCC_PREPROCESSOR_DEFINITIONS = (
					"DEBUG=1",
					"$(inherited)",
				);
				GCC_WARN_64_TO_32_BIT_CONVERSION = YES;
				GCC_WARN_ABOUT_RETURN_TYPE = YES_ERROR;
				GCC_WARN_UNDECLARED_SELECTOR = YES;
				GCC_WARN_UNINITIALIZED_AUTOS = YES_AGGRESSIVE;
				GCC_WARN_UNUSED_FUNCTION = YES;
				GCC_WARN_UNUSED_VARIABLE = YES;
				IPHONEOS_DEPLOYMENT_TARGET = 15.0;
				MTL_ENABLE_DEBUG_INFO = INCLUDE_SOURCE;
				MTL_FAST_MATH = YES;
				ONLY_ACTIVE_ARCH = YES;
				SDKROOT = iphoneos;
				SWIFT_ACTIVE_COMPILATION_CONDITIONS = DEBUG;
				SWIFT_OPTIMIZATION_LEVEL = "-Onone";
			};
			name = Debug;
		};
		D362A80E2895206F00816AC9 /* Release */ = {
			isa = XCBuildConfiguration;
			buildSettings = {
				ALWAYS_SEARCH_USER_PATHS = NO;
				CLANG_ANALYZER_NONNULL = YES;
				CLANG_ANALYZER_NUMBER_OBJECT_CONVERSION = YES_AGGRESSIVE;
				CLANG_CXX_LANGUAGE_STANDARD = "gnu++17";
				CLANG_CXX_LIBRARY = "libc++";
				CLANG_ENABLE_MODULES = YES;
				CLANG_ENABLE_OBJC_ARC = YES;
				CLANG_ENABLE_OBJC_WEAK = YES;
				CLANG_WARN_BLOCK_CAPTURE_AUTORELEASING = YES;
				CLANG_WARN_BOOL_CONVERSION = YES;
				CLANG_WARN_COMMA = YES;
				CLANG_WARN_CONSTANT_CONVERSION = YES;
				CLANG_WARN_DEPRECATED_OBJC_IMPLEMENTATIONS = YES;
				CLANG_WARN_DIRECT_OBJC_ISA_USAGE = YES_ERROR;
				CLANG_WARN_DOCUMENTATION_COMMENTS = YES;
				CLANG_WARN_EMPTY_BODY = YES;
				CLANG_WARN_ENUM_CONVERSION = YES;
				CLANG_WARN_INFINITE_RECURSION = YES;
				CLANG_WARN_INT_CONVERSION = YES;
				CLANG_WARN_NON_LITERAL_NULL_CONVERSION = YES;
				CLANG_WARN_OBJC_IMPLICIT_RETAIN_SELF = YES;
				CLANG_WARN_OBJC_LITERAL_CONVERSION = YES;
				CLANG_WARN_OBJC_ROOT_CLASS = YES_ERROR;
				CLANG_WARN_QUOTED_INCLUDE_IN_FRAMEWORK_HEADER = YES;
				CLANG_WARN_RANGE_LOOP_ANALYSIS = YES;
				CLANG_WARN_STRICT_PROTOTYPES = YES;
				CLANG_WARN_SUSPICIOUS_MOVE = YES;
				CLANG_WARN_UNGUARDED_AVAILABILITY = YES_AGGRESSIVE;
				CLANG_WARN_UNREACHABLE_CODE = YES;
				CLANG_WARN__DUPLICATE_METHOD_MATCH = YES;
				COPY_PHASE_STRIP = NO;
				DEBUG_INFORMATION_FORMAT = "dwarf-with-dsym";
				ENABLE_NS_ASSERTIONS = NO;
				ENABLE_STRICT_OBJC_MSGSEND = YES;
				GCC_C_LANGUAGE_STANDARD = gnu11;
				GCC_NO_COMMON_BLOCKS = YES;
				GCC_WARN_64_TO_32_BIT_CONVERSION = YES;
				GCC_WARN_ABOUT_RETURN_TYPE = YES_ERROR;
				GCC_WARN_UNDECLARED_SELECTOR = YES;
				GCC_WARN_UNINITIALIZED_AUTOS = YES_AGGRESSIVE;
				GCC_WARN_UNUSED_FUNCTION = YES;
				GCC_WARN_UNUSED_VARIABLE = YES;
				IPHONEOS_DEPLOYMENT_TARGET = 15.0;
				MTL_ENABLE_DEBUG_INFO = NO;
				MTL_FAST_MATH = YES;
				SDKROOT = iphoneos;
				SWIFT_COMPILATION_MODE = wholemodule;
				SWIFT_OPTIMIZATION_LEVEL = "-O";
				VALIDATE_PRODUCT = YES;
			};
			name = Release;
		};
		D362A8102895206F00816AC9 /* Debug */ = {
			isa = XCBuildConfiguration;
			buildSettings = {
				ASSETCATALOG_COMPILER_APPICON_NAME = AppIcon;
				ASSETCATALOG_COMPILER_GLOBAL_ACCENT_COLOR_NAME = AccentColor;
				CODE_SIGN_STYLE = Automatic;
				CURRENT_PROJECT_VERSION = 1;
				DEVELOPMENT_ASSET_PATHS = "\"Savit/Preview Content\"";
				ENABLE_PREVIEWS = YES;
				GENERATE_INFOPLIST_FILE = YES;
				INFOPLIST_KEY_UIApplicationSceneManifest_Generation = YES;
				INFOPLIST_KEY_UIApplicationSupportsIndirectInputEvents = YES;
				INFOPLIST_KEY_UILaunchScreen_Generation = YES;
				INFOPLIST_KEY_UISupportedInterfaceOrientations_iPad = "UIInterfaceOrientationPortrait UIInterfaceOrientationPortraitUpsideDown UIInterfaceOrientationLandscapeLeft UIInterfaceOrientationLandscapeRight";
				INFOPLIST_KEY_UISupportedInterfaceOrientations_iPhone = "UIInterfaceOrientationPortrait UIInterfaceOrientationLandscapeLeft UIInterfaceOrientationLandscapeRight";
				LD_RUNPATH_SEARCH_PATHS = (
					"$(inherited)",
					"@executable_path/Frameworks",
				);
				MARKETING_VERSION = 1.0;
				PRODUCT_BUNDLE_IDENTIFIER = vn.edu.rmit.3817907.Savit;
				PRODUCT_NAME = "$(TARGET_NAME)";
				SWIFT_EMIT_LOC_STRINGS = YES;
				SWIFT_VERSION = 5.0;
				TARGETED_DEVICE_FAMILY = "1,2";
			};
			name = Debug;
		};
		D362A8112895206F00816AC9 /* Release */ = {
			isa = XCBuildConfiguration;
			buildSettings = {
				ASSETCATALOG_COMPILER_APPICON_NAME = AppIcon;
				ASSETCATALOG_COMPILER_GLOBAL_ACCENT_COLOR_NAME = AccentColor;
				CODE_SIGN_STYLE = Automatic;
				CURRENT_PROJECT_VERSION = 1;
				DEVELOPMENT_ASSET_PATHS = "\"Savit/Preview Content\"";
				ENABLE_PREVIEWS = YES;
				GENERATE_INFOPLIST_FILE = YES;
				INFOPLIST_KEY_UIApplicationSceneManifest_Generation = YES;
				INFOPLIST_KEY_UIApplicationSupportsIndirectInputEvents = YES;
				INFOPLIST_KEY_UILaunchScreen_Generation = YES;
				INFOPLIST_KEY_UISupportedInterfaceOrientations_iPad = "UIInterfaceOrientationPortrait UIInterfaceOrientationPortraitUpsideDown UIInterfaceOrientationLandscapeLeft UIInterfaceOrientationLandscapeRight";
				INFOPLIST_KEY_UISupportedInterfaceOrientations_iPhone = "UIInterfaceOrientationPortrait UIInterfaceOrientationLandscapeLeft UIInterfaceOrientationLandscapeRight";
				LD_RUNPATH_SEARCH_PATHS = (
					"$(inherited)",
					"@executable_path/Frameworks",
				);
				MARKETING_VERSION = 1.0;
				PRODUCT_BUNDLE_IDENTIFIER = vn.edu.rmit.3817907.Savit;
				PRODUCT_NAME = "$(TARGET_NAME)";
				SWIFT_EMIT_LOC_STRINGS = YES;
				SWIFT_VERSION = 5.0;
				TARGETED_DEVICE_FAMILY = "1,2";
			};
			name = Release;
		};
		D362A8132895206F00816AC9 /* Debug */ = {
			isa = XCBuildConfiguration;
			buildSettings = {
				ALWAYS_EMBED_SWIFT_STANDARD_LIBRARIES = YES;
				BUNDLE_LOADER = "$(TEST_HOST)";
				CODE_SIGN_STYLE = Automatic;
				CURRENT_PROJECT_VERSION = 1;
				GENERATE_INFOPLIST_FILE = YES;
				IPHONEOS_DEPLOYMENT_TARGET = 15.0;
				LD_RUNPATH_SEARCH_PATHS = (
					"$(inherited)",
					"@executable_path/Frameworks",
					"@loader_path/Frameworks",
				);
				MARKETING_VERSION = 1.0;
				PRODUCT_BUNDLE_IDENTIFIER = vn.edu.rmit.3817907.SavitTests;
				PRODUCT_NAME = "$(TARGET_NAME)";
				SWIFT_EMIT_LOC_STRINGS = NO;
				SWIFT_VERSION = 5.0;
				TARGETED_DEVICE_FAMILY = "1,2";
				TEST_HOST = "$(BUILT_PRODUCTS_DIR)/Savit.app/Savit";
			};
			name = Debug;
		};
		D362A8142895206F00816AC9 /* Release */ = {
			isa = XCBuildConfiguration;
			buildSettings = {
				ALWAYS_EMBED_SWIFT_STANDARD_LIBRARIES = YES;
				BUNDLE_LOADER = "$(TEST_HOST)";
				CODE_SIGN_STYLE = Automatic;
				CURRENT_PROJECT_VERSION = 1;
				GENERATE_INFOPLIST_FILE = YES;
				IPHONEOS_DEPLOYMENT_TARGET = 15.0;
				LD_RUNPATH_SEARCH_PATHS = (
					"$(inherited)",
					"@executable_path/Frameworks",
					"@loader_path/Frameworks",
				);
				MARKETING_VERSION = 1.0;
				PRODUCT_BUNDLE_IDENTIFIER = vn.edu.rmit.3817907.SavitTests;
				PRODUCT_NAME = "$(TARGET_NAME)";
				SWIFT_EMIT_LOC_STRINGS = NO;
				SWIFT_VERSION = 5.0;
				TARGETED_DEVICE_FAMILY = "1,2";
				TEST_HOST = "$(BUILT_PRODUCTS_DIR)/Savit.app/Savit";
			};
			name = Release;
		};
		D362A8162895206F00816AC9 /* Debug */ = {
			isa = XCBuildConfiguration;
			buildSettings = {
				ALWAYS_EMBED_SWIFT_STANDARD_LIBRARIES = YES;
				CODE_SIGN_STYLE = Automatic;
				CURRENT_PROJECT_VERSION = 1;
				GENERATE_INFOPLIST_FILE = YES;
				LD_RUNPATH_SEARCH_PATHS = (
					"$(inherited)",
					"@executable_path/Frameworks",
					"@loader_path/Frameworks",
				);
				MARKETING_VERSION = 1.0;
				PRODUCT_BUNDLE_IDENTIFIER = vn.edu.rmit.3817907.SavitUITests;
				PRODUCT_NAME = "$(TARGET_NAME)";
				SWIFT_EMIT_LOC_STRINGS = NO;
				SWIFT_VERSION = 5.0;
				TARGETED_DEVICE_FAMILY = "1,2";
				TEST_TARGET_NAME = Savit;
			};
			name = Debug;
		};
		D362A8172895206F00816AC9 /* Release */ = {
			isa = XCBuildConfiguration;
			buildSettings = {
				ALWAYS_EMBED_SWIFT_STANDARD_LIBRARIES = YES;
				CODE_SIGN_STYLE = Automatic;
				CURRENT_PROJECT_VERSION = 1;
				GENERATE_INFOPLIST_FILE = YES;
				LD_RUNPATH_SEARCH_PATHS = (
					"$(inherited)",
					"@executable_path/Frameworks",
					"@loader_path/Frameworks",
				);
				MARKETING_VERSION = 1.0;
				PRODUCT_BUNDLE_IDENTIFIER = vn.edu.rmit.3817907.SavitUITests;
				PRODUCT_NAME = "$(TARGET_NAME)";
				SWIFT_EMIT_LOC_STRINGS = NO;
				SWIFT_VERSION = 5.0;
				TARGETED_DEVICE_FAMILY = "1,2";
				TEST_TARGET_NAME = Savit;
			};
			name = Release;
		};
/* End XCBuildConfiguration section */

/* Begin XCConfigurationList section */
		D362A7E62895206D00816AC9 /* Build configuration list for PBXProject "Savit" */ = {
			isa = XCConfigurationList;
			buildConfigurations = (
				D362A80D2895206F00816AC9 /* Debug */,
				D362A80E2895206F00816AC9 /* Release */,
			);
			defaultConfigurationIsVisible = 0;
			defaultConfigurationName = Release;
		};
		D362A80F2895206F00816AC9 /* Build configuration list for PBXNativeTarget "Savit" */ = {
			isa = XCConfigurationList;
			buildConfigurations = (
				D362A8102895206F00816AC9 /* Debug */,
				D362A8112895206F00816AC9 /* Release */,
			);
			defaultConfigurationIsVisible = 0;
			defaultConfigurationName = Release;
		};
		D362A8122895206F00816AC9 /* Build configuration list for PBXNativeTarget "SavitTests" */ = {
			isa = XCConfigurationList;
			buildConfigurations = (
				D362A8132895206F00816AC9 /* Debug */,
				D362A8142895206F00816AC9 /* Release */,
			);
			defaultConfigurationIsVisible = 0;
			defaultConfigurationName = Release;
		};
		D362A8152895206F00816AC9 /* Build configuration list for PBXNativeTarget "SavitUITests" */ = {
			isa = XCConfigurationList;
			buildConfigurations = (
				D362A8162895206F00816AC9 /* Debug */,
				D362A8172895206F00816AC9 /* Release */,
			);
			defaultConfigurationIsVisible = 0;
			defaultConfigurationName = Release;
		};
/* End XCConfigurationList section */
	};
	rootObject = D362A7E32895206D00816AC9 /* Project object */;
}
